
Microsoft Visual Studio Solution File, Format Version 11.00
# Visual Studio 2010
Project("{FAE04EC0-301F-11D3-BF4B-00C04F79EFBC}") = "Assembly-CSharp", "Assembly-CSharp.csproj", "{4193f01c-7701-ddff-9ebe-d585ccead799}"
EndProject
Project("{FAE04EC0-301F-11D3-BF4B-00C04F79EFBC}") = "Assembly-CSharp-Editor", "Assembly-CSharp-Editor.csproj", "{bf1adcf6-614b-02d6-2d42-441c8001d76e}"
EndProject
Global
	GlobalSection(SolutionConfigurationPlatforms) = preSolution
		Debug|Any CPU = Debug|Any CPU
	EndGlobalSection
	GlobalSection(ProjectConfigurationPlatforms) = postSolution
		{4193f01c-7701-ddff-9ebe-d585ccead799}.Debug|Any CPU.ActiveCfg = Debug|Any CPU
		{4193f01c-7701-ddff-9ebe-d585ccead799}.Debug|Any CPU.Build.0 = Debug|Any CPU
		{bf1adcf6-614b-02d6-2d42-441c8001d76e}.Debug|Any CPU.ActiveCfg = Debug|Any CPU
		{bf1adcf6-614b-02d6-2d42-441c8001d76e}.Debug|Any CPU.Build.0 = Debug|Any CPU
	EndGlobalSection
	GlobalSection(SolutionProperties) = preSolution
		HideSolutionNode = FALSE
	EndGlobalSection
EndGlobal
